
Microsoft Visual Studio Solution File, Format Version 12.00
# Visual Studio Version 17
VisualStudioVersion = 17.2.32602.215
MinimumVisualStudioVersion = 10.0.40219.1
Project("{FAE04EC0-301F-11D3-BF4B-00C04F79EFBC}") = "WinFormsApp1", "WinFormsApp1\WinFormsApp1.csproj", "{389A8EAA-9B40-4032-9321-D2D5B59BF1EA}"
EndProject
Project("{FAE04EC0-301F-11D3-BF4B-00C04F79EFBC}") = "WinFormsApp2", "WinFormsApp2\WinFormsApp2.csproj", "{1A9B6D42-59A1-42E4-9A8D-BF9E57B1B751}"
EndProject
Project("{FAE04EC0-301F-11D3-BF4B-00C04F79EFBC}") = "WinFormsApp3", "WinFormsApp3\WinFormsApp3.csproj", "{BDA8EA6A-2507-437C-904F-8391BE33674C}"
EndProject
Global
	GlobalSection(SolutionConfigurationPlatforms) = preSolution
		Debug|Any CPU = Debug|Any CPU
		Release|Any CPU = Release|Any CPU
	EndGlobalSection
	GlobalSection(ProjectConfigurationPlatforms) = postSolution
		{389A8EAA-9B40-4032-9321-D2D5B59BF1EA}.Debug|Any CPU.ActiveCfg = Debug|Any CPU
		{389A8EAA-9B40-4032-9321-D2D5B59BF1EA}.Debug|Any CPU.Build.0 = Debug|Any CPU
		{389A8EAA-9B40-4032-9321-D2D5B59BF1EA}.Release|Any CPU.ActiveCfg = Release|Any CPU
		{389A8EAA-9B40-4032-9321-D2D5B59BF1EA}.Release|Any CPU.Build.0 = Release|Any CPU
		{1A9B6D42-59A1-42E4-9A8D-BF9E57B1B751}.Debug|Any CPU.ActiveCfg = Debug|Any CPU
		{1A9B6D42-59A1-42E4-9A8D-BF9E57B1B751}.Debug|Any CPU.Build.0 = Debug|Any CPU
		{1A9B6D42-59A1-42E4-9A8D-BF9E57B1B751}.Release|Any CPU.ActiveCfg = Release|Any CPU
		{1A9B6D42-59A1-42E4-9A8D-BF9E57B1B751}.Release|Any CPU.Build.0 = Release|Any CPU
		{BDA8EA6A-2507-437C-904F-8391BE33674C}.Debug|Any CPU.ActiveCfg = Debug|Any CPU
		{BDA8EA6A-2507-437C-904F-8391BE33674C}.Debug|Any CPU.Build.0 = Debug|Any CPU
		{BDA8EA6A-2507-437C-904F-8391BE33674C}.Release|Any CPU.ActiveCfg = Release|Any CPU
		{BDA8EA6A-2507-437C-904F-8391BE33674C}.Release|Any CPU.Build.0 = Release|Any CPU
	EndGlobalSection
	GlobalSection(SolutionProperties) = preSolution
		HideSolutionNode = FALSE
	EndGlobalSection
	GlobalSection(ExtensibilityGlobals) = postSolution
		SolutionGuid = {AC6A96CD-137D-4EEB-AABD-3BB0B5ED3EF6}
	EndGlobalSection
EndGlobal
