
Microsoft Visual Studio Solution File, Format Version 12.00
# Visual Studio Version 17
VisualStudioVersion = 17.2.32526.322
MinimumVisualStudioVersion = 10.0.40219.1
Project("{FAE04EC0-301F-11D3-BF4B-00C04F79EFBC}") = "WindowsFormsApp1", "WindowsFormsApp1\WindowsFormsApp1.csproj", "{C23088EA-1968-4C5E-BFEE-0040AFBF0580}"
EndProject
Project("{FAE04EC0-301F-11D3-BF4B-00C04F79EFBC}") = "ConsoleApp1", "ConsoleApp1\ConsoleApp1.csproj", "{0A30A24E-709D-4C80-9C72-DBFF058AB82A}"
EndProject
Global
	GlobalSection(SolutionConfigurationPlatforms) = preSolution
		Debug|Any CPU = Debug|Any CPU
		Release|Any CPU = Release|Any CPU
	EndGlobalSection
	GlobalSection(ProjectConfigurationPlatforms) = postSolution
		{C23088EA-1968-4C5E-BFEE-0040AFBF0580}.Debug|Any CPU.ActiveCfg = Debug|Any CPU
		{C23088EA-1968-4C5E-BFEE-0040AFBF0580}.Debug|Any CPU.Build.0 = Debug|Any CPU
		{C23088EA-1968-4C5E-BFEE-0040AFBF0580}.Release|Any CPU.ActiveCfg = Release|Any CPU
		{C23088EA-1968-4C5E-BFEE-0040AFBF0580}.Release|Any CPU.Build.0 = Release|Any CPU
		{0A30A24E-709D-4C80-9C72-DBFF058AB82A}.Debug|Any CPU.ActiveCfg = Debug|Any CPU
		{0A30A24E-709D-4C80-9C72-DBFF058AB82A}.Debug|Any CPU.Build.0 = Debug|Any CPU
		{0A30A24E-709D-4C80-9C72-DBFF058AB82A}.Release|Any CPU.ActiveCfg = Release|Any CPU
		{0A30A24E-709D-4C80-9C72-DBFF058AB82A}.Release|Any CPU.Build.0 = Release|Any CPU
	EndGlobalSection
	GlobalSection(SolutionProperties) = preSolution
		HideSolutionNode = FALSE
	EndGlobalSection
	GlobalSection(ExtensibilityGlobals) = postSolution
		SolutionGuid = {F7790CF1-6B27-472B-8527-FD0FEE675253}
	EndGlobalSection
EndGlobal
