
Microsoft Visual Studio Solution File, Format Version 12.00
# Visual Studio Version 17
VisualStudioVersion = 17.2.32602.215
MinimumVisualStudioVersion = 10.0.40219.1
Project("{FAE04EC0-301F-11D3-BF4B-00C04F79EFBC}") = "WinformsApp1", "WinformsApp1\WinformsApp1.csproj", "{B6476792-9987-4071-B557-FC4BC0E87A69}"
EndProject
Global
	GlobalSection(SolutionConfigurationPlatforms) = preSolution
		Debug|Any CPU = Debug|Any CPU
		Release|Any CPU = Release|Any CPU
	EndGlobalSection
	GlobalSection(ProjectConfigurationPlatforms) = postSolution
		{B6476792-9987-4071-B557-FC4BC0E87A69}.Debug|Any CPU.ActiveCfg = Debug|Any CPU
		{B6476792-9987-4071-B557-FC4BC0E87A69}.Debug|Any CPU.Build.0 = Debug|Any CPU
		{B6476792-9987-4071-B557-FC4BC0E87A69}.Release|Any CPU.ActiveCfg = Release|Any CPU
		{B6476792-9987-4071-B557-FC4BC0E87A69}.Release|Any CPU.Build.0 = Release|Any CPU
	EndGlobalSection
	GlobalSection(SolutionProperties) = preSolution
		HideSolutionNode = FALSE
	EndGlobalSection
	GlobalSection(ExtensibilityGlobals) = postSolution
		SolutionGuid = {017E13DC-F423-4F59-A8B1-C8D074594587}
	EndGlobalSection
EndGlobal
